
Microsoft Visual Studio Solution File, Format Version 12.00
# Visual Studio Version 17
VisualStudioVersion = 17.7.34009.444
MinimumVisualStudioVersion = 10.0.40219.1
Project("{8BC9CEB8-8B4A-11D0-8D11-00A0C91BC942}") = "백준ㅡ수찾기", "Project1\Project1.vcxproj", "{BA5CE938-343D-4130-85BC-4D141ED69BF7}"
EndProject
Project("{8BC9CEB8-8B4A-11D0-8D11-00A0C91BC942}") = "백준ㅡ어두운굴다리", "백준ㅡ어두운굴다리\백준ㅡ어두운굴다리.vcxproj", "{BE0C11E7-7A00-442D-89E5-1093D04B6232}"
EndProject
Project("{8BC9CEB8-8B4A-11D0-8D11-00A0C91BC942}") = "백준ㅡ보석상자", "백준ㅡ보석상자\백준ㅡ보석상자.vcxproj", "{7267655E-BC4F-4B0D-80D2-35F81DB235EF}"
EndProject
Project("{8BC9CEB8-8B4A-11D0-8D11-00A0C91BC942}") = "백준ㅡ1로만들기", "백준ㅡ1로만들기\백준ㅡ1로만들기.vcxproj", "{32C72E1F-0588-4E83-B589-1D6B35BF837F}"
EndProject
Project("{8BC9CEB8-8B4A-11D0-8D11-00A0C91BC942}") = "백준ㅡ1,2,3 더하기", "백준ㅡ1,2,3 더하기\백준ㅡ1,2,3 더하기.vcxproj", "{955205B5-C5D8-4713-8A68-AD2692E61F18}"
EndProject
Project("{8BC9CEB8-8B4A-11D0-8D11-00A0C91BC942}") = "백준ㅡ계단오르기", "백준ㅡ계단오르기\백준ㅡ계단오르기.vcxproj", "{9353B223-C098-4537-B806-A1788BCA000D}"
EndProject
Project("{8BC9CEB8-8B4A-11D0-8D11-00A0C91BC942}") = "백준ㅡ프린터 큐", "백준ㅡ프린터 큐\백준ㅡ프린터 큐.vcxproj", "{9134DD90-1EF2-4861-A839-967171C5F6E3}"
EndProject
Project("{8BC9CEB8-8B4A-11D0-8D11-00A0C91BC942}") = "백준ㅡ줄 세우기", "백준ㅡ줄 세우기\백준ㅡ줄 세우기.vcxproj", "{29F57E04-4729-43A8-BF6C-A72A809B1BD1}"
EndProject
Project("{8BC9CEB8-8B4A-11D0-8D11-00A0C91BC942}") = "백준ㅡ다리놓기", "백준ㅡ다리놓기\백준ㅡ다리놓기.vcxproj", "{DE762B61-17DC-449B-AA87-95B614A4E346}"
EndProject
Project("{8BC9CEB8-8B4A-11D0-8D11-00A0C91BC942}") = "백준ㅡN과 M", "백준ㅡN과 M\백준ㅡN과 M.vcxproj", "{561E434A-B012-435B-99D9-E538B43E2EA8}"
EndProject
Project("{8BC9CEB8-8B4A-11D0-8D11-00A0C91BC942}") = "백준ㅡ오븐시계", "adfsdfsadfdasfs\adfsdfsadfdasfs.vcxproj", "{C4CD4F80-8E23-4771-87D2-387638AEBCA8}"
EndProject
Project("{8BC9CEB8-8B4A-11D0-8D11-00A0C91BC942}") = "백준ㅡ주사위 세개", "백준ㅡ주사위 세개\백준ㅡ주사위 세개.vcxproj", "{138A986B-12D3-4694-93B8-7A4D6ADE68EB}"
EndProject
Project("{8BC9CEB8-8B4A-11D0-8D11-00A0C91BC942}") = "백준ㅡ구구단", "백준ㅡ구구단\백준ㅡ구구단.vcxproj", "{CDF9175F-64CA-47BC-8444-7602441E5570}"
EndProject
Project("{8BC9CEB8-8B4A-11D0-8D11-00A0C91BC942}") = "백준ㅡDFS와BFS", "백준ㅡDFS와BFS\백준ㅡDFS와BFS.vcxproj", "{1B1DB117-F008-4B0E-B333-017792D0C2BC}"
EndProject
Project("{8BC9CEB8-8B4A-11D0-8D11-00A0C91BC942}") = "백준ㅡ개수 세기", "백준ㅡ개수 세기\백준ㅡ개수 세기.vcxproj", "{2F217C4A-B857-4B40-B643-221AA66445CD}"
EndProject
Project("{8BC9CEB8-8B4A-11D0-8D11-00A0C91BC942}") = "백준ㅡX보다 작은수", "백준ㅡX보다 작은수\백준ㅡX보다 작은수.vcxproj", "{0E44973A-8807-4C9A-AD8E-0773E7F93729}"
EndProject
Project("{8BC9CEB8-8B4A-11D0-8D11-00A0C91BC942}") = "백준ㅡ알고리즘 수업-너비우선탐색1", "백준ㅡ알고리즘 수업-너비우선탐색1\백준ㅡ알고리즘 수업-너비우선탐색1.vcxproj", "{1D3EADA9-D2EC-481E-AA18-76188341616B}"
EndProject
Project("{8BC9CEB8-8B4A-11D0-8D11-00A0C91BC942}") = "백준ㅡ쉬운 최단거리", "백준ㅡ쉬운 최단거리\백준ㅡ쉬운 최단거리.vcxproj", "{CA1BE422-C5E2-4FB4-A081-B225E9B612D3}"
EndProject
Project("{8BC9CEB8-8B4A-11D0-8D11-00A0C91BC942}") = "백준ㅡ모든 순열", "백준ㅡ모든 순열\백준ㅡ모든 순열.vcxproj", "{6FBC62F0-19A5-4556-A503-1A24CE2E8351}"
EndProject
Project("{8BC9CEB8-8B4A-11D0-8D11-00A0C91BC942}") = "Vector 구현", "Vector 구현\Vector 구현.vcxproj", "{16155C9F-4110-451C-8B6B-083DA65D7DFE}"
EndProject
Project("{8BC9CEB8-8B4A-11D0-8D11-00A0C91BC942}") = "List 구현", "List 구현\List 구현.vcxproj", "{A6AF2BCB-8E5D-4D92-A126-22F29BE85AF9}"
EndProject
Project("{8BC9CEB8-8B4A-11D0-8D11-00A0C91BC942}") = "백준ㅡ수들의 합 2", "백준ㅡ수들의 합 2\백준ㅡ수들의 합 2.vcxproj", "{B7D16AEF-F614-4D92-98BC-D0D68C24C0D8}"
EndProject
Project("{8BC9CEB8-8B4A-11D0-8D11-00A0C91BC942}") = "백준ㅡ부분합", "백준ㅡ부분합\백준ㅡ부분합.vcxproj", "{870C72C5-8209-44EB-8BBD-8029FC4417B1}"
EndProject
Project("{8BC9CEB8-8B4A-11D0-8D11-00A0C91BC942}") = "프로그래머스ㅡ점프와 순간이동", "프로그래머스ㅡ점프와 순간이동\프로그래머스ㅡ점프와 순간이동.vcxproj", "{25D0A853-4CC1-447B-9436-883074FBF984}"
EndProject
Project("{8BC9CEB8-8B4A-11D0-8D11-00A0C91BC942}") = "백준ㅡ욕심쟁이 돼지", "백준ㅡ욕심쟁이 돼지\백준ㅡ욕심쟁이 돼지.vcxproj", "{574C33E1-E02E-4211-928C-64DF8F09383E}"
EndProject
Project("{8BC9CEB8-8B4A-11D0-8D11-00A0C91BC942}") = "백준ㅡK번째 수", "백준ㅡK번째 수\백준ㅡK번째 수.vcxproj", "{72ACA90C-F402-43D2-A173-EE398D997FDF}"
EndProject
Project("{8BC9CEB8-8B4A-11D0-8D11-00A0C91BC942}") = "가상함수", "가상함수\가상함수.vcxproj", "{2C265448-EB2D-49DB-9B8E-BB4D344010F3}"
EndProject
Project("{8BC9CEB8-8B4A-11D0-8D11-00A0C91BC942}") = "프로그래머스ㅡ나머지가 1이 되는 수 찾기", "프로그래머스ㅡ나머지가 1이 되는 수 찾기\프로그래머스ㅡ나머지가 1이 되는 수 찾기.vcxproj", "{439414F8-6620-4DC7-88CB-1EFABAF608D7}"
EndProject
Project("{8BC9CEB8-8B4A-11D0-8D11-00A0C91BC942}") = "프로그래머스ㅡ자릿수 더하기", "프로그래머스ㅡ자릿수 더하기\프로그래머스ㅡ자릿수 더하기.vcxproj", "{C81A473D-E2FA-4DB7-90D0-8B452B5CFBC9}"
EndProject
Project("{8BC9CEB8-8B4A-11D0-8D11-00A0C91BC942}") = "프로그래머스ㅡ최댓값과 최솟값", "프로그래머스ㅡ최댓값과 최솟값\프로그래머스ㅡ최댓값과 최솟값.vcxproj", "{D111BD67-A54F-4710-BAD8-D501C6E93614}"
EndProject
Project("{8BC9CEB8-8B4A-11D0-8D11-00A0C91BC942}") = "프로그래머스ㅡ하샤드 수", "프로그래머스ㅡ하샤드 수\프로그래머스ㅡ하샤드 수.vcxproj", "{9FE3CEB0-9F15-4F09-9050-F4F5807A1237}"
EndProject
Project("{8BC9CEB8-8B4A-11D0-8D11-00A0C91BC942}") = "프로그래머스ㅡ부족한 금액 계산하기", "프로그래머스ㅡ부족한 금액 계산하기\프로그래머스ㅡ부족한 금액 계산하기.vcxproj", "{698CA0EB-B2B1-497A-9AD6-69BA6DA6DA98}"
EndProject
Project("{8BC9CEB8-8B4A-11D0-8D11-00A0C91BC942}") = "프로그래머스ㅡ문자열 다루기 기본", "프로그래머스ㅡ문자열 다루기 기본\프로그래머스ㅡ문자열 다루기 기본.vcxproj", "{86EA7027-6A7A-477C-8650-EDF5551DD251}"
EndProject
Project("{8BC9CEB8-8B4A-11D0-8D11-00A0C91BC942}") = "프로그래머스ㅡ행렬의 덧셈", "프로그래머스ㅡ행렬의 덧셈\프로그래머스ㅡ행렬의 덧셈.vcxproj", "{9471D6D1-A63C-46AA-82C0-8A3A13BBC043}"
EndProject
Project("{8BC9CEB8-8B4A-11D0-8D11-00A0C91BC942}") = "프로그래머스ㅡ직사각형 별찍기", "프로그래머스ㅡ직사각형 별찍기\프로그래머스ㅡ직사각형 별찍기.vcxproj", "{960558D6-5113-4347-A1D2-693B3E1CF7C4}"
EndProject
Project("{8BC9CEB8-8B4A-11D0-8D11-00A0C91BC942}") = "프로그래머스ㅡjademcase 문자열 만들기", "프로그래머스ㅡjademcase 문자열 만들기\프로그래머스ㅡjademcase 문자열 만들기.vcxproj", "{87EED93F-0974-430F-B6A9-DC3E1950A1D3}"
EndProject
Project("{8BC9CEB8-8B4A-11D0-8D11-00A0C91BC942}") = "프로그래머스ㅡK번째 수", "프로그래머스ㅡK번째 수\프로그래머스ㅡK번째 수.vcxproj", "{11FFEF16-CDFA-4837-A26D-CC077CBF9C31}"
EndProject
Project("{8BC9CEB8-8B4A-11D0-8D11-00A0C91BC942}") = "프로그래머스ㅡ가장 큰 수", "프로그래머스ㅡ가장 큰 수\프로그래머스ㅡ가장 큰 수.vcxproj", "{72C84ACB-85C1-4624-A0F0-0B8E884753AC}"
EndProject
Project("{8BC9CEB8-8B4A-11D0-8D11-00A0C91BC942}") = "프로그래머스ㅡ올바른 괄호", "프로그래머스ㅡ올바른 괄호\프로그래머스ㅡ올바른 괄호.vcxproj", "{060D4B61-18A3-4BC6-9EA4-2E96B3773E67}"
EndProject
Project("{8BC9CEB8-8B4A-11D0-8D11-00A0C91BC942}") = "프로그래머스ㅡ같은 숫자는 싫어", "프로그래머스ㅡ같은 숫자는 싫어\프로그래머스ㅡ같은 숫자는 싫어.vcxproj", "{F8540779-4AAE-4E7A-BFA6-394D94C47A1A}"
EndProject
Project("{8BC9CEB8-8B4A-11D0-8D11-00A0C91BC942}") = "List 구현2", "List 구현2\List 구현2.vcxproj", "{3F96247A-9AF4-4A01-ACAC-4C4AF2255DA7}"
EndProject
Project("{8BC9CEB8-8B4A-11D0-8D11-00A0C91BC942}") = "프로그래머스ㅡ 예산", "프로그래머스ㅡ 예산\프로그래머스ㅡ 예산.vcxproj", "{49A09778-4F83-4767-A982-FE126E11829D}"
EndProject
Project("{8BC9CEB8-8B4A-11D0-8D11-00A0C91BC942}") = "백준ㅡN 찍기", "백준ㅡN 찍기\백준ㅡN 찍기.vcxproj", "{09800A08-5325-483D-81E7-B01291F4AD15}"
EndProject
Global
	GlobalSection(SolutionConfigurationPlatforms) = preSolution
		Debug|x64 = Debug|x64
		Debug|x86 = Debug|x86
		Release|x64 = Release|x64
		Release|x86 = Release|x86
	EndGlobalSection
	GlobalSection(ProjectConfigurationPlatforms) = postSolution
		{BA5CE938-343D-4130-85BC-4D141ED69BF7}.Debug|x64.ActiveCfg = Debug|x64
		{BA5CE938-343D-4130-85BC-4D141ED69BF7}.Debug|x64.Build.0 = Debug|x64
		{BA5CE938-343D-4130-85BC-4D141ED69BF7}.Debug|x86.ActiveCfg = Debug|Win32
		{BA5CE938-343D-4130-85BC-4D141ED69BF7}.Debug|x86.Build.0 = Debug|Win32
		{BA5CE938-343D-4130-85BC-4D141ED69BF7}.Release|x64.ActiveCfg = Release|x64
		{BA5CE938-343D-4130-85BC-4D141ED69BF7}.Release|x64.Build.0 = Release|x64
		{BA5CE938-343D-4130-85BC-4D141ED69BF7}.Release|x86.ActiveCfg = Release|Win32
		{BA5CE938-343D-4130-85BC-4D141ED69BF7}.Release|x86.Build.0 = Release|Win32
		{BE0C11E7-7A00-442D-89E5-1093D04B6232}.Debug|x64.ActiveCfg = Debug|x64
		{BE0C11E7-7A00-442D-89E5-1093D04B6232}.Debug|x64.Build.0 = Debug|x64
		{BE0C11E7-7A00-442D-89E5-1093D04B6232}.Debug|x86.ActiveCfg = Debug|Win32
		{BE0C11E7-7A00-442D-89E5-1093D04B6232}.Debug|x86.Build.0 = Debug|Win32
		{BE0C11E7-7A00-442D-89E5-1093D04B6232}.Release|x64.ActiveCfg = Release|x64
		{BE0C11E7-7A00-442D-89E5-1093D04B6232}.Release|x64.Build.0 = Release|x64
		{BE0C11E7-7A00-442D-89E5-1093D04B6232}.Release|x86.ActiveCfg = Release|Win32
		{BE0C11E7-7A00-442D-89E5-1093D04B6232}.Release|x86.Build.0 = Release|Win32
		{7267655E-BC4F-4B0D-80D2-35F81DB235EF}.Debug|x64.ActiveCfg = Debug|x64
		{7267655E-BC4F-4B0D-80D2-35F81DB235EF}.Debug|x64.Build.0 = Debug|x64
		{7267655E-BC4F-4B0D-80D2-35F81DB235EF}.Debug|x86.ActiveCfg = Debug|Win32
		{7267655E-BC4F-4B0D-80D2-35F81DB235EF}.Debug|x86.Build.0 = Debug|Win32
		{7267655E-BC4F-4B0D-80D2-35F81DB235EF}.Release|x64.ActiveCfg = Release|x64
		{7267655E-BC4F-4B0D-80D2-35F81DB235EF}.Release|x64.Build.0 = Release|x64
		{7267655E-BC4F-4B0D-80D2-35F81DB235EF}.Release|x86.ActiveCfg = Release|Win32
		{7267655E-BC4F-4B0D-80D2-35F81DB235EF}.Release|x86.Build.0 = Release|Win32
		{32C72E1F-0588-4E83-B589-1D6B35BF837F}.Debug|x64.ActiveCfg = Debug|x64
		{32C72E1F-0588-4E83-B589-1D6B35BF837F}.Debug|x64.Build.0 = Debug|x64
		{32C72E1F-0588-4E83-B589-1D6B35BF837F}.Debug|x86.ActiveCfg = Debug|Win32
		{32C72E1F-0588-4E83-B589-1D6B35BF837F}.Debug|x86.Build.0 = Debug|Win32
		{32C72E1F-0588-4E83-B589-1D6B35BF837F}.Release|x64.ActiveCfg = Release|x64
		{32C72E1F-0588-4E83-B589-1D6B35BF837F}.Release|x64.Build.0 = Release|x64
		{32C72E1F-0588-4E83-B589-1D6B35BF837F}.Release|x86.ActiveCfg = Release|Win32
		{32C72E1F-0588-4E83-B589-1D6B35BF837F}.Release|x86.Build.0 = Release|Win32
		{955205B5-C5D8-4713-8A68-AD2692E61F18}.Debug|x64.ActiveCfg = Debug|x64
		{955205B5-C5D8-4713-8A68-AD2692E61F18}.Debug|x64.Build.0 = Debug|x64
		{955205B5-C5D8-4713-8A68-AD2692E61F18}.Debug|x86.ActiveCfg = Debug|Win32
		{955205B5-C5D8-4713-8A68-AD2692E61F18}.Debug|x86.Build.0 = Debug|Win32
		{955205B5-C5D8-4713-8A68-AD2692E61F18}.Release|x64.ActiveCfg = Release|x64
		{955205B5-C5D8-4713-8A68-AD2692E61F18}.Release|x64.Build.0 = Release|x64
		{955205B5-C5D8-4713-8A68-AD2692E61F18}.Release|x86.ActiveCfg = Release|Win32
		{955205B5-C5D8-4713-8A68-AD2692E61F18}.Release|x86.Build.0 = Release|Win32
		{9353B223-C098-4537-B806-A1788BCA000D}.Debug|x64.ActiveCfg = Debug|x64
		{9353B223-C098-4537-B806-A1788BCA000D}.Debug|x64.Build.0 = Debug|x64
		{9353B223-C098-4537-B806-A1788BCA000D}.Debug|x86.ActiveCfg = Debug|Win32
		{9353B223-C098-4537-B806-A1788BCA000D}.Debug|x86.Build.0 = Debug|Win32
		{9353B223-C098-4537-B806-A1788BCA000D}.Release|x64.ActiveCfg = Release|x64
		{9353B223-C098-4537-B806-A1788BCA000D}.Release|x64.Build.0 = Release|x64
		{9353B223-C098-4537-B806-A1788BCA000D}.Release|x86.ActiveCfg = Release|Win32
		{9353B223-C098-4537-B806-A1788BCA000D}.Release|x86.Build.0 = Release|Win32
		{9134DD90-1EF2-4861-A839-967171C5F6E3}.Debug|x64.ActiveCfg = Debug|x64
		{9134DD90-1EF2-4861-A839-967171C5F6E3}.Debug|x64.Build.0 = Debug|x64
		{9134DD90-1EF2-4861-A839-967171C5F6E3}.Debug|x86.ActiveCfg = Debug|Win32
		{9134DD90-1EF2-4861-A839-967171C5F6E3}.Debug|x86.Build.0 = Debug|Win32
		{9134DD90-1EF2-4861-A839-967171C5F6E3}.Release|x64.ActiveCfg = Release|x64
		{9134DD90-1EF2-4861-A839-967171C5F6E3}.Release|x64.Build.0 = Release|x64
		{9134DD90-1EF2-4861-A839-967171C5F6E3}.Release|x86.ActiveCfg = Release|Win32
		{9134DD90-1EF2-4861-A839-967171C5F6E3}.Release|x86.Build.0 = Release|Win32
		{29F57E04-4729-43A8-BF6C-A72A809B1BD1}.Debug|x64.ActiveCfg = Debug|x64
		{29F57E04-4729-43A8-BF6C-A72A809B1BD1}.Debug|x64.Build.0 = Debug|x64
		{29F57E04-4729-43A8-BF6C-A72A809B1BD1}.Debug|x86.ActiveCfg = Debug|Win32
		{29F57E04-4729-43A8-BF6C-A72A809B1BD1}.Debug|x86.Build.0 = Debug|Win32
		{29F57E04-4729-43A8-BF6C-A72A809B1BD1}.Release|x64.ActiveCfg = Release|x64
		{29F57E04-4729-43A8-BF6C-A72A809B1BD1}.Release|x64.Build.0 = Release|x64
		{29F57E04-4729-43A8-BF6C-A72A809B1BD1}.Release|x86.ActiveCfg = Release|Win32
		{29F57E04-4729-43A8-BF6C-A72A809B1BD1}.Release|x86.Build.0 = Release|Win32
		{DE762B61-17DC-449B-AA87-95B614A4E346}.Debug|x64.ActiveCfg = Debug|x64
		{DE762B61-17DC-449B-AA87-95B614A4E346}.Debug|x64.Build.0 = Debug|x64
		{DE762B61-17DC-449B-AA87-95B614A4E346}.Debug|x86.ActiveCfg = Debug|Win32
		{DE762B61-17DC-449B-AA87-95B614A4E346}.Debug|x86.Build.0 = Debug|Win32
		{DE762B61-17DC-449B-AA87-95B614A4E346}.Release|x64.ActiveCfg = Release|x64
		{DE762B61-17DC-449B-AA87-95B614A4E346}.Release|x64.Build.0 = Release|x64
		{DE762B61-17DC-449B-AA87-95B614A4E346}.Release|x86.ActiveCfg = Release|Win32
		{DE762B61-17DC-449B-AA87-95B614A4E346}.Release|x86.Build.0 = Release|Win32
		{561E434A-B012-435B-99D9-E538B43E2EA8}.Debug|x64.ActiveCfg = Debug|x64
		{561E434A-B012-435B-99D9-E538B43E2EA8}.Debug|x64.Build.0 = Debug|x64
		{561E434A-B012-435B-99D9-E538B43E2EA8}.Debug|x86.ActiveCfg = Debug|Win32
		{561E434A-B012-435B-99D9-E538B43E2EA8}.Debug|x86.Build.0 = Debug|Win32
		{561E434A-B012-435B-99D9-E538B43E2EA8}.Release|x64.ActiveCfg = Release|x64
		{561E434A-B012-435B-99D9-E538B43E2EA8}.Release|x64.Build.0 = Release|x64
		{561E434A-B012-435B-99D9-E538B43E2EA8}.Release|x86.ActiveCfg = Release|Win32
		{561E434A-B012-435B-99D9-E538B43E2EA8}.Release|x86.Build.0 = Release|Win32
		{C4CD4F80-8E23-4771-87D2-387638AEBCA8}.Debug|x64.ActiveCfg = Debug|x64
		{C4CD4F80-8E23-4771-87D2-387638AEBCA8}.Debug|x64.Build.0 = Debug|x64
		{C4CD4F80-8E23-4771-87D2-387638AEBCA8}.Debug|x86.ActiveCfg = Debug|Win32
		{C4CD4F80-8E23-4771-87D2-387638AEBCA8}.Debug|x86.Build.0 = Debug|Win32
		{C4CD4F80-8E23-4771-87D2-387638AEBCA8}.Release|x64.ActiveCfg = Release|x64
		{C4CD4F80-8E23-4771-87D2-387638AEBCA8}.Release|x64.Build.0 = Release|x64
		{C4CD4F80-8E23-4771-87D2-387638AEBCA8}.Release|x86.ActiveCfg = Release|Win32
		{C4CD4F80-8E23-4771-87D2-387638AEBCA8}.Release|x86.Build.0 = Release|Win32
		{138A986B-12D3-4694-93B8-7A4D6ADE68EB}.Debug|x64.ActiveCfg = Debug|x64
		{138A986B-12D3-4694-93B8-7A4D6ADE68EB}.Debug|x64.Build.0 = Debug|x64
		{138A986B-12D3-4694-93B8-7A4D6ADE68EB}.Debug|x86.ActiveCfg = Debug|Win32
		{138A986B-12D3-4694-93B8-7A4D6ADE68EB}.Debug|x86.Build.0 = Debug|Win32
		{138A986B-12D3-4694-93B8-7A4D6ADE68EB}.Release|x64.ActiveCfg = Release|x64
		{138A986B-12D3-4694-93B8-7A4D6ADE68EB}.Release|x64.Build.0 = Release|x64
		{138A986B-12D3-4694-93B8-7A4D6ADE68EB}.Release|x86.ActiveCfg = Release|Win32
		{138A986B-12D3-4694-93B8-7A4D6ADE68EB}.Release|x86.Build.0 = Release|Win32
		{CDF9175F-64CA-47BC-8444-7602441E5570}.Debug|x64.ActiveCfg = Debug|x64
		{CDF9175F-64CA-47BC-8444-7602441E5570}.Debug|x64.Build.0 = Debug|x64
		{CDF9175F-64CA-47BC-8444-7602441E5570}.Debug|x86.ActiveCfg = Debug|Win32
		{CDF9175F-64CA-47BC-8444-7602441E5570}.Debug|x86.Build.0 = Debug|Win32
		{CDF9175F-64CA-47BC-8444-7602441E5570}.Release|x64.ActiveCfg = Release|x64
		{CDF9175F-64CA-47BC-8444-7602441E5570}.Release|x64.Build.0 = Release|x64
		{CDF9175F-64CA-47BC-8444-7602441E5570}.Release|x86.ActiveCfg = Release|Win32
		{CDF9175F-64CA-47BC-8444-7602441E5570}.Release|x86.Build.0 = Release|Win32
		{1B1DB117-F008-4B0E-B333-017792D0C2BC}.Debug|x64.ActiveCfg = Debug|x64
		{1B1DB117-F008-4B0E-B333-017792D0C2BC}.Debug|x64.Build.0 = Debug|x64
		{1B1DB117-F008-4B0E-B333-017792D0C2BC}.Debug|x86.ActiveCfg = Debug|Win32
		{1B1DB117-F008-4B0E-B333-017792D0C2BC}.Debug|x86.Build.0 = Debug|Win32
		{1B1DB117-F008-4B0E-B333-017792D0C2BC}.Release|x64.ActiveCfg = Release|x64
		{1B1DB117-F008-4B0E-B333-017792D0C2BC}.Release|x64.Build.0 = Release|x64
		{1B1DB117-F008-4B0E-B333-017792D0C2BC}.Release|x86.ActiveCfg = Release|Win32
		{1B1DB117-F008-4B0E-B333-017792D0C2BC}.Release|x86.Build.0 = Release|Win32
		{2F217C4A-B857-4B40-B643-221AA66445CD}.Debug|x64.ActiveCfg = Debug|x64
		{2F217C4A-B857-4B40-B643-221AA66445CD}.Debug|x64.Build.0 = Debug|x64
		{2F217C4A-B857-4B40-B643-221AA66445CD}.Debug|x86.ActiveCfg = Debug|Win32
		{2F217C4A-B857-4B40-B643-221AA66445CD}.Debug|x86.Build.0 = Debug|Win32
		{2F217C4A-B857-4B40-B643-221AA66445CD}.Release|x64.ActiveCfg = Release|x64
		{2F217C4A-B857-4B40-B643-221AA66445CD}.Release|x64.Build.0 = Release|x64
		{2F217C4A-B857-4B40-B643-221AA66445CD}.Release|x86.ActiveCfg = Release|Win32
		{2F217C4A-B857-4B40-B643-221AA66445CD}.Release|x86.Build.0 = Release|Win32
		{0E44973A-8807-4C9A-AD8E-0773E7F93729}.Debug|x64.ActiveCfg = Debug|x64
		{0E44973A-8807-4C9A-AD8E-0773E7F93729}.Debug|x64.Build.0 = Debug|x64
		{0E44973A-8807-4C9A-AD8E-0773E7F93729}.Debug|x86.ActiveCfg = Debug|Win32
		{0E44973A-8807-4C9A-AD8E-0773E7F93729}.Debug|x86.Build.0 = Debug|Win32
		{0E44973A-8807-4C9A-AD8E-0773E7F93729}.Release|x64.ActiveCfg = Release|x64
		{0E44973A-8807-4C9A-AD8E-0773E7F93729}.Release|x64.Build.0 = Release|x64
		{0E44973A-8807-4C9A-AD8E-0773E7F93729}.Release|x86.ActiveCfg = Release|Win32
		{0E44973A-8807-4C9A-AD8E-0773E7F93729}.Release|x86.Build.0 = Release|Win32
		{1D3EADA9-D2EC-481E-AA18-76188341616B}.Debug|x64.ActiveCfg = Debug|x64
		{1D3EADA9-D2EC-481E-AA18-76188341616B}.Debug|x64.Build.0 = Debug|x64
		{1D3EADA9-D2EC-481E-AA18-76188341616B}.Debug|x86.ActiveCfg = Debug|Win32
		{1D3EADA9-D2EC-481E-AA18-76188341616B}.Debug|x86.Build.0 = Debug|Win32
		{1D3EADA9-D2EC-481E-AA18-76188341616B}.Release|x64.ActiveCfg = Release|x64
		{1D3EADA9-D2EC-481E-AA18-76188341616B}.Release|x64.Build.0 = Release|x64
		{1D3EADA9-D2EC-481E-AA18-76188341616B}.Release|x86.ActiveCfg = Release|Win32
		{1D3EADA9-D2EC-481E-AA18-76188341616B}.Release|x86.Build.0 = Release|Win32
		{CA1BE422-C5E2-4FB4-A081-B225E9B612D3}.Debug|x64.ActiveCfg = Debug|x64
		{CA1BE422-C5E2-4FB4-A081-B225E9B612D3}.Debug|x64.Build.0 = Debug|x64
		{CA1BE422-C5E2-4FB4-A081-B225E9B612D3}.Debug|x86.ActiveCfg = Debug|Win32
		{CA1BE422-C5E2-4FB4-A081-B225E9B612D3}.Debug|x86.Build.0 = Debug|Win32
		{CA1BE422-C5E2-4FB4-A081-B225E9B612D3}.Release|x64.ActiveCfg = Release|x64
		{CA1BE422-C5E2-4FB4-A081-B225E9B612D3}.Release|x64.Build.0 = Release|x64
		{CA1BE422-C5E2-4FB4-A081-B225E9B612D3}.Release|x86.ActiveCfg = Release|Win32
		{CA1BE422-C5E2-4FB4-A081-B225E9B612D3}.Release|x86.Build.0 = Release|Win32
		{6FBC62F0-19A5-4556-A503-1A24CE2E8351}.Debug|x64.ActiveCfg = Debug|x64
		{6FBC62F0-19A5-4556-A503-1A24CE2E8351}.Debug|x64.Build.0 = Debug|x64
		{6FBC62F0-19A5-4556-A503-1A24CE2E8351}.Debug|x86.ActiveCfg = Debug|Win32
		{6FBC62F0-19A5-4556-A503-1A24CE2E8351}.Debug|x86.Build.0 = Debug|Win32
		{6FBC62F0-19A5-4556-A503-1A24CE2E8351}.Release|x64.ActiveCfg = Release|x64
		{6FBC62F0-19A5-4556-A503-1A24CE2E8351}.Release|x64.Build.0 = Release|x64
		{6FBC62F0-19A5-4556-A503-1A24CE2E8351}.Release|x86.ActiveCfg = Release|Win32
		{6FBC62F0-19A5-4556-A503-1A24CE2E8351}.Release|x86.Build.0 = Release|Win32
		{16155C9F-4110-451C-8B6B-083DA65D7DFE}.Debug|x64.ActiveCfg = Debug|x64
		{16155C9F-4110-451C-8B6B-083DA65D7DFE}.Debug|x64.Build.0 = Debug|x64
		{16155C9F-4110-451C-8B6B-083DA65D7DFE}.Debug|x86.ActiveCfg = Debug|Win32
		{16155C9F-4110-451C-8B6B-083DA65D7DFE}.Debug|x86.Build.0 = Debug|Win32
		{16155C9F-4110-451C-8B6B-083DA65D7DFE}.Release|x64.ActiveCfg = Release|x64
		{16155C9F-4110-451C-8B6B-083DA65D7DFE}.Release|x64.Build.0 = Release|x64
		{16155C9F-4110-451C-8B6B-083DA65D7DFE}.Release|x86.ActiveCfg = Release|Win32
		{16155C9F-4110-451C-8B6B-083DA65D7DFE}.Release|x86.Build.0 = Release|Win32
		{A6AF2BCB-8E5D-4D92-A126-22F29BE85AF9}.Debug|x64.ActiveCfg = Debug|x64
		{A6AF2BCB-8E5D-4D92-A126-22F29BE85AF9}.Debug|x64.Build.0 = Debug|x64
		{A6AF2BCB-8E5D-4D92-A126-22F29BE85AF9}.Debug|x86.ActiveCfg = Debug|Win32
		{A6AF2BCB-8E5D-4D92-A126-22F29BE85AF9}.Debug|x86.Build.0 = Debug|Win32
		{A6AF2BCB-8E5D-4D92-A126-22F29BE85AF9}.Release|x64.ActiveCfg = Release|x64
		{A6AF2BCB-8E5D-4D92-A126-22F29BE85AF9}.Release|x64.Build.0 = Release|x64
		{A6AF2BCB-8E5D-4D92-A126-22F29BE85AF9}.Release|x86.ActiveCfg = Release|Win32
		{A6AF2BCB-8E5D-4D92-A126-22F29BE85AF9}.Release|x86.Build.0 = Release|Win32
		{B7D16AEF-F614-4D92-98BC-D0D68C24C0D8}.Debug|x64.ActiveCfg = Debug|x64
		{B7D16AEF-F614-4D92-98BC-D0D68C24C0D8}.Debug|x64.Build.0 = Debug|x64
		{B7D16AEF-F614-4D92-98BC-D0D68C24C0D8}.Debug|x86.ActiveCfg = Debug|Win32
		{B7D16AEF-F614-4D92-98BC-D0D68C24C0D8}.Debug|x86.Build.0 = Debug|Win32
		{B7D16AEF-F614-4D92-98BC-D0D68C24C0D8}.Release|x64.ActiveCfg = Release|x64
		{B7D16AEF-F614-4D92-98BC-D0D68C24C0D8}.Release|x64.Build.0 = Release|x64
		{B7D16AEF-F614-4D92-98BC-D0D68C24C0D8}.Release|x86.ActiveCfg = Release|Win32
		{B7D16AEF-F614-4D92-98BC-D0D68C24C0D8}.Release|x86.Build.0 = Release|Win32
		{870C72C5-8209-44EB-8BBD-8029FC4417B1}.Debug|x64.ActiveCfg = Debug|x64
		{870C72C5-8209-44EB-8BBD-8029FC4417B1}.Debug|x64.Build.0 = Debug|x64
		{870C72C5-8209-44EB-8BBD-8029FC4417B1}.Debug|x86.ActiveCfg = Debug|Win32
		{870C72C5-8209-44EB-8BBD-8029FC4417B1}.Debug|x86.Build.0 = Debug|Win32
		{870C72C5-8209-44EB-8BBD-8029FC4417B1}.Release|x64.ActiveCfg = Release|x64
		{870C72C5-8209-44EB-8BBD-8029FC4417B1}.Release|x64.Build.0 = Release|x64
		{870C72C5-8209-44EB-8BBD-8029FC4417B1}.Release|x86.ActiveCfg = Release|Win32
		{870C72C5-8209-44EB-8BBD-8029FC4417B1}.Release|x86.Build.0 = Release|Win32
		{25D0A853-4CC1-447B-9436-883074FBF984}.Debug|x64.ActiveCfg = Debug|x64
		{25D0A853-4CC1-447B-9436-883074FBF984}.Debug|x64.Build.0 = Debug|x64
		{25D0A853-4CC1-447B-9436-883074FBF984}.Debug|x86.ActiveCfg = Debug|Win32
		{25D0A853-4CC1-447B-9436-883074FBF984}.Debug|x86.Build.0 = Debug|Win32
		{25D0A853-4CC1-447B-9436-883074FBF984}.Release|x64.ActiveCfg = Release|x64
		{25D0A853-4CC1-447B-9436-883074FBF984}.Release|x64.Build.0 = Release|x64
		{25D0A853-4CC1-447B-9436-883074FBF984}.Release|x86.ActiveCfg = Release|Win32
		{25D0A853-4CC1-447B-9436-883074FBF984}.Release|x86.Build.0 = Release|Win32
		{574C33E1-E02E-4211-928C-64DF8F09383E}.Debug|x64.ActiveCfg = Debug|x64
		{574C33E1-E02E-4211-928C-64DF8F09383E}.Debug|x64.Build.0 = Debug|x64
		{574C33E1-E02E-4211-928C-64DF8F09383E}.Debug|x86.ActiveCfg = Debug|Win32
		{574C33E1-E02E-4211-928C-64DF8F09383E}.Debug|x86.Build.0 = Debug|Win32
		{574C33E1-E02E-4211-928C-64DF8F09383E}.Release|x64.ActiveCfg = Release|x64
		{574C33E1-E02E-4211-928C-64DF8F09383E}.Release|x64.Build.0 = Release|x64
		{574C33E1-E02E-4211-928C-64DF8F09383E}.Release|x86.ActiveCfg = Release|Win32
		{574C33E1-E02E-4211-928C-64DF8F09383E}.Release|x86.Build.0 = Release|Win32
		{72ACA90C-F402-43D2-A173-EE398D997FDF}.Debug|x64.ActiveCfg = Debug|x64
		{72ACA90C-F402-43D2-A173-EE398D997FDF}.Debug|x64.Build.0 = Debug|x64
		{72ACA90C-F402-43D2-A173-EE398D997FDF}.Debug|x86.ActiveCfg = Debug|Win32
		{72ACA90C-F402-43D2-A173-EE398D997FDF}.Debug|x86.Build.0 = Debug|Win32
		{72ACA90C-F402-43D2-A173-EE398D997FDF}.Release|x64.ActiveCfg = Release|x64
		{72ACA90C-F402-43D2-A173-EE398D997FDF}.Release|x64.Build.0 = Release|x64
		{72ACA90C-F402-43D2-A173-EE398D997FDF}.Release|x86.ActiveCfg = Release|Win32
		{72ACA90C-F402-43D2-A173-EE398D997FDF}.Release|x86.Build.0 = Release|Win32
		{2C265448-EB2D-49DB-9B8E-BB4D344010F3}.Debug|x64.ActiveCfg = Debug|x64
		{2C265448-EB2D-49DB-9B8E-BB4D344010F3}.Debug|x64.Build.0 = Debug|x64
		{2C265448-EB2D-49DB-9B8E-BB4D344010F3}.Debug|x86.ActiveCfg = Debug|Win32
		{2C265448-EB2D-49DB-9B8E-BB4D344010F3}.Debug|x86.Build.0 = Debug|Win32
		{2C265448-EB2D-49DB-9B8E-BB4D344010F3}.Release|x64.ActiveCfg = Release|x64
		{2C265448-EB2D-49DB-9B8E-BB4D344010F3}.Release|x64.Build.0 = Release|x64
		{2C265448-EB2D-49DB-9B8E-BB4D344010F3}.Release|x86.ActiveCfg = Release|Win32
		{2C265448-EB2D-49DB-9B8E-BB4D344010F3}.Release|x86.Build.0 = Release|Win32
		{439414F8-6620-4DC7-88CB-1EFABAF608D7}.Debug|x64.ActiveCfg = Debug|x64
		{439414F8-6620-4DC7-88CB-1EFABAF608D7}.Debug|x64.Build.0 = Debug|x64
		{439414F8-6620-4DC7-88CB-1EFABAF608D7}.Debug|x86.ActiveCfg = Debug|Win32
		{439414F8-6620-4DC7-88CB-1EFABAF608D7}.Debug|x86.Build.0 = Debug|Win32
		{439414F8-6620-4DC7-88CB-1EFABAF608D7}.Release|x64.ActiveCfg = Release|x64
		{439414F8-6620-4DC7-88CB-1EFABAF608D7}.Release|x64.Build.0 = Release|x64
		{439414F8-6620-4DC7-88CB-1EFABAF608D7}.Release|x86.ActiveCfg = Release|Win32
		{439414F8-6620-4DC7-88CB-1EFABAF608D7}.Release|x86.Build.0 = Release|Win32
		{C81A473D-E2FA-4DB7-90D0-8B452B5CFBC9}.Debug|x64.ActiveCfg = Debug|x64
		{C81A473D-E2FA-4DB7-90D0-8B452B5CFBC9}.Debug|x64.Build.0 = Debug|x64
		{C81A473D-E2FA-4DB7-90D0-8B452B5CFBC9}.Debug|x86.ActiveCfg = Debug|Win32
		{C81A473D-E2FA-4DB7-90D0-8B452B5CFBC9}.Debug|x86.Build.0 = Debug|Win32
		{C81A473D-E2FA-4DB7-90D0-8B452B5CFBC9}.Release|x64.ActiveCfg = Release|x64
		{C81A473D-E2FA-4DB7-90D0-8B452B5CFBC9}.Release|x64.Build.0 = Release|x64
		{C81A473D-E2FA-4DB7-90D0-8B452B5CFBC9}.Release|x86.ActiveCfg = Release|Win32
		{C81A473D-E2FA-4DB7-90D0-8B452B5CFBC9}.Release|x86.Build.0 = Release|Win32
		{D111BD67-A54F-4710-BAD8-D501C6E93614}.Debug|x64.ActiveCfg = Debug|x64
		{D111BD67-A54F-4710-BAD8-D501C6E93614}.Debug|x64.Build.0 = Debug|x64
		{D111BD67-A54F-4710-BAD8-D501C6E93614}.Debug|x86.ActiveCfg = Debug|Win32
		{D111BD67-A54F-4710-BAD8-D501C6E93614}.Debug|x86.Build.0 = Debug|Win32
		{D111BD67-A54F-4710-BAD8-D501C6E93614}.Release|x64.ActiveCfg = Release|x64
		{D111BD67-A54F-4710-BAD8-D501C6E93614}.Release|x64.Build.0 = Release|x64
		{D111BD67-A54F-4710-BAD8-D501C6E93614}.Release|x86.ActiveCfg = Release|Win32
		{D111BD67-A54F-4710-BAD8-D501C6E93614}.Release|x86.Build.0 = Release|Win32
		{9FE3CEB0-9F15-4F09-9050-F4F5807A1237}.Debug|x64.ActiveCfg = Debug|x64
		{9FE3CEB0-9F15-4F09-9050-F4F5807A1237}.Debug|x64.Build.0 = Debug|x64
		{9FE3CEB0-9F15-4F09-9050-F4F5807A1237}.Debug|x86.ActiveCfg = Debug|Win32
		{9FE3CEB0-9F15-4F09-9050-F4F5807A1237}.Debug|x86.Build.0 = Debug|Win32
		{9FE3CEB0-9F15-4F09-9050-F4F5807A1237}.Release|x64.ActiveCfg = Release|x64
		{9FE3CEB0-9F15-4F09-9050-F4F5807A1237}.Release|x64.Build.0 = Release|x64
		{9FE3CEB0-9F15-4F09-9050-F4F5807A1237}.Release|x86.ActiveCfg = Release|Win32
		{9FE3CEB0-9F15-4F09-9050-F4F5807A1237}.Release|x86.Build.0 = Release|Win32
		{698CA0EB-B2B1-497A-9AD6-69BA6DA6DA98}.Debug|x64.ActiveCfg = Debug|x64
		{698CA0EB-B2B1-497A-9AD6-69BA6DA6DA98}.Debug|x64.Build.0 = Debug|x64
		{698CA0EB-B2B1-497A-9AD6-69BA6DA6DA98}.Debug|x86.ActiveCfg = Debug|Win32
		{698CA0EB-B2B1-497A-9AD6-69BA6DA6DA98}.Debug|x86.Build.0 = Debug|Win32
		{698CA0EB-B2B1-497A-9AD6-69BA6DA6DA98}.Release|x64.ActiveCfg = Release|x64
		{698CA0EB-B2B1-497A-9AD6-69BA6DA6DA98}.Release|x64.Build.0 = Release|x64
		{698CA0EB-B2B1-497A-9AD6-69BA6DA6DA98}.Release|x86.ActiveCfg = Release|Win32
		{698CA0EB-B2B1-497A-9AD6-69BA6DA6DA98}.Release|x86.Build.0 = Release|Win32
		{86EA7027-6A7A-477C-8650-EDF5551DD251}.Debug|x64.ActiveCfg = Debug|x64
		{86EA7027-6A7A-477C-8650-EDF5551DD251}.Debug|x64.Build.0 = Debug|x64
		{86EA7027-6A7A-477C-8650-EDF5551DD251}.Debug|x86.ActiveCfg = Debug|Win32
		{86EA7027-6A7A-477C-8650-EDF5551DD251}.Debug|x86.Build.0 = Debug|Win32
		{86EA7027-6A7A-477C-8650-EDF5551DD251}.Release|x64.ActiveCfg = Release|x64
		{86EA7027-6A7A-477C-8650-EDF5551DD251}.Release|x64.Build.0 = Release|x64
		{86EA7027-6A7A-477C-8650-EDF5551DD251}.Release|x86.ActiveCfg = Release|Win32
		{86EA7027-6A7A-477C-8650-EDF5551DD251}.Release|x86.Build.0 = Release|Win32
		{9471D6D1-A63C-46AA-82C0-8A3A13BBC043}.Debug|x64.ActiveCfg = Debug|x64
		{9471D6D1-A63C-46AA-82C0-8A3A13BBC043}.Debug|x64.Build.0 = Debug|x64
		{9471D6D1-A63C-46AA-82C0-8A3A13BBC043}.Debug|x86.ActiveCfg = Debug|Win32
		{9471D6D1-A63C-46AA-82C0-8A3A13BBC043}.Debug|x86.Build.0 = Debug|Win32
		{9471D6D1-A63C-46AA-82C0-8A3A13BBC043}.Release|x64.ActiveCfg = Release|x64
		{9471D6D1-A63C-46AA-82C0-8A3A13BBC043}.Release|x64.Build.0 = Release|x64
		{9471D6D1-A63C-46AA-82C0-8A3A13BBC043}.Release|x86.ActiveCfg = Release|Win32
		{9471D6D1-A63C-46AA-82C0-8A3A13BBC043}.Release|x86.Build.0 = Release|Win32
		{960558D6-5113-4347-A1D2-693B3E1CF7C4}.Debug|x64.ActiveCfg = Debug|x64
		{960558D6-5113-4347-A1D2-693B3E1CF7C4}.Debug|x64.Build.0 = Debug|x64
		{960558D6-5113-4347-A1D2-693B3E1CF7C4}.Debug|x86.ActiveCfg = Debug|Win32
		{960558D6-5113-4347-A1D2-693B3E1CF7C4}.Debug|x86.Build.0 = Debug|Win32
		{960558D6-5113-4347-A1D2-693B3E1CF7C4}.Release|x64.ActiveCfg = Release|x64
		{960558D6-5113-4347-A1D2-693B3E1CF7C4}.Release|x64.Build.0 = Release|x64
		{960558D6-5113-4347-A1D2-693B3E1CF7C4}.Release|x86.ActiveCfg = Release|Win32
		{960558D6-5113-4347-A1D2-693B3E1CF7C4}.Release|x86.Build.0 = Release|Win32
		{87EED93F-0974-430F-B6A9-DC3E1950A1D3}.Debug|x64.ActiveCfg = Debug|x64
		{87EED93F-0974-430F-B6A9-DC3E1950A1D3}.Debug|x64.Build.0 = Debug|x64
		{87EED93F-0974-430F-B6A9-DC3E1950A1D3}.Debug|x86.ActiveCfg = Debug|Win32
		{87EED93F-0974-430F-B6A9-DC3E1950A1D3}.Debug|x86.Build.0 = Debug|Win32
		{87EED93F-0974-430F-B6A9-DC3E1950A1D3}.Release|x64.ActiveCfg = Release|x64
		{87EED93F-0974-430F-B6A9-DC3E1950A1D3}.Release|x64.Build.0 = Release|x64
		{87EED93F-0974-430F-B6A9-DC3E1950A1D3}.Release|x86.ActiveCfg = Release|Win32
		{87EED93F-0974-430F-B6A9-DC3E1950A1D3}.Release|x86.Build.0 = Release|Win32
		{11FFEF16-CDFA-4837-A26D-CC077CBF9C31}.Debug|x64.ActiveCfg = Debug|x64
		{11FFEF16-CDFA-4837-A26D-CC077CBF9C31}.Debug|x64.Build.0 = Debug|x64
		{11FFEF16-CDFA-4837-A26D-CC077CBF9C31}.Debug|x86.ActiveCfg = Debug|Win32
		{11FFEF16-CDFA-4837-A26D-CC077CBF9C31}.Debug|x86.Build.0 = Debug|Win32
		{11FFEF16-CDFA-4837-A26D-CC077CBF9C31}.Release|x64.ActiveCfg = Release|x64
		{11FFEF16-CDFA-4837-A26D-CC077CBF9C31}.Release|x64.Build.0 = Release|x64
		{11FFEF16-CDFA-4837-A26D-CC077CBF9C31}.Release|x86.ActiveCfg = Release|Win32
		{11FFEF16-CDFA-4837-A26D-CC077CBF9C31}.Release|x86.Build.0 = Release|Win32
		{72C84ACB-85C1-4624-A0F0-0B8E884753AC}.Debug|x64.ActiveCfg = Debug|x64
		{72C84ACB-85C1-4624-A0F0-0B8E884753AC}.Debug|x64.Build.0 = Debug|x64
		{72C84ACB-85C1-4624-A0F0-0B8E884753AC}.Debug|x86.ActiveCfg = Debug|Win32
		{72C84ACB-85C1-4624-A0F0-0B8E884753AC}.Debug|x86.Build.0 = Debug|Win32
		{72C84ACB-85C1-4624-A0F0-0B8E884753AC}.Release|x64.ActiveCfg = Release|x64
		{72C84ACB-85C1-4624-A0F0-0B8E884753AC}.Release|x64.Build.0 = Release|x64
		{72C84ACB-85C1-4624-A0F0-0B8E884753AC}.Release|x86.ActiveCfg = Release|Win32
		{72C84ACB-85C1-4624-A0F0-0B8E884753AC}.Release|x86.Build.0 = Release|Win32
		{060D4B61-18A3-4BC6-9EA4-2E96B3773E67}.Debug|x64.ActiveCfg = Debug|x64
		{060D4B61-18A3-4BC6-9EA4-2E96B3773E67}.Debug|x64.Build.0 = Debug|x64
		{060D4B61-18A3-4BC6-9EA4-2E96B3773E67}.Debug|x86.ActiveCfg = Debug|Win32
		{060D4B61-18A3-4BC6-9EA4-2E96B3773E67}.Debug|x86.Build.0 = Debug|Win32
		{060D4B61-18A3-4BC6-9EA4-2E96B3773E67}.Release|x64.ActiveCfg = Release|x64
		{060D4B61-18A3-4BC6-9EA4-2E96B3773E67}.Release|x64.Build.0 = Release|x64
		{060D4B61-18A3-4BC6-9EA4-2E96B3773E67}.Release|x86.ActiveCfg = Release|Win32
		{060D4B61-18A3-4BC6-9EA4-2E96B3773E67}.Release|x86.Build.0 = Release|Win32
		{F8540779-4AAE-4E7A-BFA6-394D94C47A1A}.Debug|x64.ActiveCfg = Debug|x64
		{F8540779-4AAE-4E7A-BFA6-394D94C47A1A}.Debug|x64.Build.0 = Debug|x64
		{F8540779-4AAE-4E7A-BFA6-394D94C47A1A}.Debug|x86.ActiveCfg = Debug|Win32
		{F8540779-4AAE-4E7A-BFA6-394D94C47A1A}.Debug|x86.Build.0 = Debug|Win32
		{F8540779-4AAE-4E7A-BFA6-394D94C47A1A}.Release|x64.ActiveCfg = Release|x64
		{F8540779-4AAE-4E7A-BFA6-394D94C47A1A}.Release|x64.Build.0 = Release|x64
		{F8540779-4AAE-4E7A-BFA6-394D94C47A1A}.Release|x86.ActiveCfg = Release|Win32
		{F8540779-4AAE-4E7A-BFA6-394D94C47A1A}.Release|x86.Build.0 = Release|Win32
		{3F96247A-9AF4-4A01-ACAC-4C4AF2255DA7}.Debug|x64.ActiveCfg = Debug|x64
		{3F96247A-9AF4-4A01-ACAC-4C4AF2255DA7}.Debug|x64.Build.0 = Debug|x64
		{3F96247A-9AF4-4A01-ACAC-4C4AF2255DA7}.Debug|x86.ActiveCfg = Debug|Win32
		{3F96247A-9AF4-4A01-ACAC-4C4AF2255DA7}.Debug|x86.Build.0 = Debug|Win32
		{3F96247A-9AF4-4A01-ACAC-4C4AF2255DA7}.Release|x64.ActiveCfg = Release|x64
		{3F96247A-9AF4-4A01-ACAC-4C4AF2255DA7}.Release|x64.Build.0 = Release|x64
		{3F96247A-9AF4-4A01-ACAC-4C4AF2255DA7}.Release|x86.ActiveCfg = Release|Win32
		{3F96247A-9AF4-4A01-ACAC-4C4AF2255DA7}.Release|x86.Build.0 = Release|Win32
		{49A09778-4F83-4767-A982-FE126E11829D}.Debug|x64.ActiveCfg = Debug|x64
		{49A09778-4F83-4767-A982-FE126E11829D}.Debug|x64.Build.0 = Debug|x64
		{49A09778-4F83-4767-A982-FE126E11829D}.Debug|x86.ActiveCfg = Debug|Win32
		{49A09778-4F83-4767-A982-FE126E11829D}.Debug|x86.Build.0 = Debug|Win32
		{49A09778-4F83-4767-A982-FE126E11829D}.Release|x64.ActiveCfg = Release|x64
		{49A09778-4F83-4767-A982-FE126E11829D}.Release|x64.Build.0 = Release|x64
		{49A09778-4F83-4767-A982-FE126E11829D}.Release|x86.ActiveCfg = Release|Win32
		{49A09778-4F83-4767-A982-FE126E11829D}.Release|x86.Build.0 = Release|Win32
		{09800A08-5325-483D-81E7-B01291F4AD15}.Debug|x64.ActiveCfg = Debug|x64
		{09800A08-5325-483D-81E7-B01291F4AD15}.Debug|x64.Build.0 = Debug|x64
		{09800A08-5325-483D-81E7-B01291F4AD15}.Debug|x86.ActiveCfg = Debug|Win32
		{09800A08-5325-483D-81E7-B01291F4AD15}.Debug|x86.Build.0 = Debug|Win32
		{09800A08-5325-483D-81E7-B01291F4AD15}.Release|x64.ActiveCfg = Release|x64
		{09800A08-5325-483D-81E7-B01291F4AD15}.Release|x64.Build.0 = Release|x64
		{09800A08-5325-483D-81E7-B01291F4AD15}.Release|x86.ActiveCfg = Release|Win32
		{09800A08-5325-483D-81E7-B01291F4AD15}.Release|x86.Build.0 = Release|Win32
	EndGlobalSection
	GlobalSection(SolutionProperties) = preSolution
		HideSolutionNode = FALSE
	EndGlobalSection
	GlobalSection(ExtensibilityGlobals) = postSolution
		SolutionGuid = {DB4CF4A4-E344-421E-9C1C-B0C41354958A}
	EndGlobalSection
EndGlobal
